Microsoft Visual Studio Solution File, Format Version 10.00
# Visual Studio 2008
Project("{F184B08F-C81C-45F6-A57F-5ABD9991F28F}") = "FT232H SPI Current Meter", "FT232H SPI Current Meter.vbproj", "{2FC6ED1F-A2E6-45A0-9E97-25A746AED6BF}"
EndProject
Global
	GlobalSection(SolutionConfigurationPlatforms) = preSolution
		Debug|Any CPU = Debug|Any CPU
		Release|Any CPU = Release|Any CPU
	EndGlobalSection
	GlobalSection(ProjectConfigurationPlatforms) = postSolution
		{2FC6ED1F-A2E6-45A0-9E97-25A746AED6BF}.Debug|Any CPU.ActiveCfg = Debug|Any CPU
		{2FC6ED1F-A2E6-45A0-9E97-25A746AED6BF}.Debug|Any CPU.Build.0 = Debug|Any CPU
		{2FC6ED1F-A2E6-45A0-9E97-25A746AED6BF}.Release|Any CPU.ActiveCfg = Release|Any CPU
		{2FC6ED1F-A2E6-45A0-9E97-25A746AED6BF}.Release|Any CPU.Build.0 = Release|Any CPU
	EndGlobalSection
	GlobalSection(SolutionProperties) = preSolution
		HideSolutionNode = FALSE
	EndGlobalSection
EndGlobal
