
Microsoft Visual Studio Solution File, Format Version 12.00
# Visual Studio Version 17
VisualStudioVersion = 17.4.33213.308
MinimumVisualStudioVersion = 10.0.40219.1
Project("{9A19103F-16F7-4668-BE54-9A1E7A4F7556}") = "FtdiSharp", "FtdiSharp\FtdiSharp.csproj", "{DED9E0DC-21F7-4E3F-9C75-B180D15B7937}"
EndProject
Project("{9A19103F-16F7-4668-BE54-9A1E7A4F7556}") = "FtdiSharpDemo", "FtdiSharpDemo\FtdiSharpDemo.csproj", "{A57017FA-2675-4001-BE9D-24D90A5C46D1}"
EndProject
Project("{FAE04EC0-301F-11D3-BF4B-00C04F79EFBC}") = "FtdiSharpTests", "FtdiSharpTests\FtdiSharpTests.csproj", "{B909C067-6C9F-445F-8819-D5B32B67155D}"
EndProject
Global
	GlobalSection(SolutionConfigurationPlatforms) = preSolution
		Debug|Any CPU = Debug|Any CPU
		Release|Any CPU = Release|Any CPU
	EndGlobalSection
	GlobalSection(ProjectConfigurationPlatforms) = postSolution
		{DED9E0DC-21F7-4E3F-9C75-B180D15B7937}.Debug|Any CPU.ActiveCfg = Debug|Any CPU
		{DED9E0DC-21F7-4E3F-9C75-B180D15B7937}.Debug|Any CPU.Build.0 = Debug|Any CPU
		{DED9E0DC-21F7-4E3F-9C75-B180D15B7937}.Release|Any CPU.ActiveCfg = Release|Any CPU
		{DED9E0DC-21F7-4E3F-9C75-B180D15B7937}.Release|Any CPU.Build.0 = Release|Any CPU
		{A57017FA-2675-4001-BE9D-24D90A5C46D1}.Debug|Any CPU.ActiveCfg = Debug|Any CPU
		{A57017FA-2675-4001-BE9D-24D90A5C46D1}.Debug|Any CPU.Build.0 = Debug|Any CPU
		{A57017FA-2675-4001-BE9D-24D90A5C46D1}.Release|Any CPU.ActiveCfg = Release|Any CPU
		{A57017FA-2675-4001-BE9D-24D90A5C46D1}.Release|Any CPU.Build.0 = Release|Any CPU
		{B909C067-6C9F-445F-8819-D5B32B67155D}.Debug|Any CPU.ActiveCfg = Debug|Any CPU
		{B909C067-6C9F-445F-8819-D5B32B67155D}.Debug|Any CPU.Build.0 = Debug|Any CPU
		{B909C067-6C9F-445F-8819-D5B32B67155D}.Release|Any CPU.ActiveCfg = Release|Any CPU
		{B909C067-6C9F-445F-8819-D5B32B67155D}.Release|Any CPU.Build.0 = Release|Any CPU
	EndGlobalSection
	GlobalSection(SolutionProperties) = preSolution
		HideSolutionNode = FALSE
	EndGlobalSection
	GlobalSection(ExtensibilityGlobals) = postSolution
		SolutionGuid = {8445ACEF-5376-41CB-9AFA-D52F91DC7D3E}
	EndGlobalSection
EndGlobal
