
Microsoft Visual Studio Solution File, Format Version 12.00
# Visual Studio 2013
VisualStudioVersion = 12.0.21005.1
MinimumVisualStudioVersion = 10.0.40219.1
Project("{FAE04EC0-301F-11D3-BF4B-00C04F79EFBC}") = "MPSSE Sensor Demo", "MPSSE Sensor Demo.csproj", "{BE131338-3526-44FC-ACD8-88AF2726779B}"
EndProject
Global
	GlobalSection(SolutionConfigurationPlatforms) = preSolution
		Debug|Any CPU = Debug|Any CPU
		Release|Any CPU = Release|Any CPU
	EndGlobalSection
	GlobalSection(ProjectConfigurationPlatforms) = postSolution
		{BE131338-3526-44FC-ACD8-88AF2726779B}.Debug|Any CPU.ActiveCfg = Debug|Any CPU
		{BE131338-3526-44FC-ACD8-88AF2726779B}.Debug|Any CPU.Build.0 = Debug|Any CPU
		{BE131338-3526-44FC-ACD8-88AF2726779B}.Release|Any CPU.ActiveCfg = Release|Any CPU
		{BE131338-3526-44FC-ACD8-88AF2726779B}.Release|Any CPU.Build.0 = Release|Any CPU
	EndGlobalSection
	GlobalSection(SolutionProperties) = preSolution
		HideSolutionNode = FALSE
	EndGlobalSection
EndGlobal
